// !$*UTF8*$!
{
	archiveVersion = 1;
	classes = {
	};
	objectVersion = 56;
	objects = {

/* Begin PBXBuildFile section */
		100000000000000000000101 /* OOChatIOSApp.swift in Sources */ = {isa = PBXBuildFile; fileRef = 100000000000000000000001 /* OOChatIOSApp.swift */; };
		100000000000000000000102 /* ContentView.swift in Sources */ = {isa = PBXBuildFile; fileRef = 100000000000000000000002 /* ContentView.swift */; };
		100000000000000000000103 /* ChatViewModel.swift in Sources */ = {isa = PBXBuildFile; fileRef = 100000000000000000000003 /* ChatViewModel.swift */; };
		100000000000000000000104 /* Models.swift in Sources */ = {isa = PBXBuildFile; fileRef = 100000000000000000000004 /* Models.swift */; };
		100000000000000000000105 /* CanonicalJSON.swift in Sources */ = {isa = PBXBuildFile; fileRef = 100000000000000000000005 /* CanonicalJSON.swift */; };
		100000000000000000000106 /* Hex.swift in Sources */ = {isa = PBXBuildFile; fileRef = 100000000000000000000006 /* Hex.swift */; };
		100000000000000000000107 /* IdentityStore.swift in Sources */ = {isa = PBXBuildFile; fileRef = 100000000000000000000007 /* IdentityStore.swift */; };
		100000000000000000000111 /* ConversationRepository.swift in Sources */ = {isa = PBXBuildFile; fileRef = 100000000000000000000015 /* ConversationRepository.swift */; };
		100000000000000000000113 /* StoredModels.swift in Sources */ = {isa = PBXBuildFile; fileRef = 100000000000000000000017 /* StoredModels.swift */; };
		100000000000000000000114 /* SwiftDataConversationRepository.swift in Sources */ = {isa = PBXBuildFile; fileRef = 100000000000000000000018 /* SwiftDataConversationRepository.swift */; };
		100000000000000000000116 /* ConversationRepositoryFactory.swift in Sources */ = {isa = PBXBuildFile; fileRef = 100000000000000000000020 /* ConversationRepositoryFactory.swift */; };
		100000000000000000000109 /* HostedAgentClient.swift in Sources */ = {isa = PBXBuildFile; fileRef = 100000000000000000000009 /* HostedAgentClient.swift */; };
		100000000000000000000110 /* MockHostedAgentTests.swift in Sources */ = {isa = PBXBuildFile; fileRef = 100000000000000000000013 /* MockHostedAgentTests.swift */; };
		100000000000000000000115 /* SwiftDataConversationRepositoryTests.swift in Sources */ = {isa = PBXBuildFile; fileRef = 100000000000000000000019 /* SwiftDataConversationRepositoryTests.swift */; };
/* End PBXBuildFile section */

/* Begin PBXContainerItemProxy section */
		100000000000000000000801 /* PBXContainerItemProxy */ = {
			isa = PBXContainerItemProxy;
			containerPortal = 100000000000000000000501 /* Project object */;
			proxyType = 1;
			remoteGlobalIDString = 100000000000000000000401;
			remoteInfo = OOChatIOS;
		};
/* End PBXContainerItemProxy section */

/* Begin PBXFileReference section */
		100000000000000000000001 /* OOChatIOSApp.swift */ = {isa = PBXFileReference; lastKnownFileType = sourcecode.swift; path = OOChatIOSApp.swift; sourceTree = "<group>"; };
		100000000000000000000002 /* ContentView.swift */ = {isa = PBXFileReference; lastKnownFileType = sourcecode.swift; path = ContentView.swift; sourceTree = "<group>"; };
		100000000000000000000003 /* ChatViewModel.swift */ = {isa = PBXFileReference; lastKnownFileType = sourcecode.swift; path = ChatViewModel.swift; sourceTree = "<group>"; };
		100000000000000000000004 /* Models.swift */ = {isa = PBXFileReference; lastKnownFileType = sourcecode.swift; path = Models.swift; sourceTree = "<group>"; };
		100000000000000000000005 /* CanonicalJSON.swift */ = {isa = PBXFileReference; lastKnownFileType = sourcecode.swift; path = CanonicalJSON.swift; sourceTree = "<group>"; };
		100000000000000000000006 /* Hex.swift */ = {isa = PBXFileReference; lastKnownFileType = sourcecode.swift; path = Hex.swift; sourceTree = "<group>"; };
		100000000000000000000007 /* IdentityStore.swift */ = {isa = PBXFileReference; lastKnownFileType = sourcecode.swift; path = IdentityStore.swift; sourceTree = "<group>"; };
		100000000000000000000015 /* ConversationRepository.swift */ = {isa = PBXFileReference; lastKnownFileType = sourcecode.swift; path = ConversationRepository.swift; sourceTree = "<group>"; };
		100000000000000000000017 /* StoredModels.swift */ = {isa = PBXFileReference; lastKnownFileType = sourcecode.swift; path = StoredModels.swift; sourceTree = "<group>"; };
		100000000000000000000018 /* SwiftDataConversationRepository.swift */ = {isa = PBXFileReference; lastKnownFileType = sourcecode.swift; path = SwiftDataConversationRepository.swift; sourceTree = "<group>"; };
		100000000000000000000020 /* ConversationRepositoryFactory.swift */ = {isa = PBXFileReference; lastKnownFileType = sourcecode.swift; path = ConversationRepositoryFactory.swift; sourceTree = "<group>"; };
		100000000000000000000009 /* HostedAgentClient.swift */ = {isa = PBXFileReference; lastKnownFileType = sourcecode.swift; path = HostedAgentClient.swift; sourceTree = "<group>"; };
		100000000000000000000010 /* Info.plist */ = {isa = PBXFileReference; lastKnownFileType = text.plist.xml; path = Info.plist; sourceTree = "<group>"; };
		100000000000000000000011 /* README.md */ = {isa = PBXFileReference; lastKnownFileType = net.daringfireball.markdown; path = README.md; sourceTree = "<group>"; };
		100000000000000000000012 /* OOChatIOS.app */ = {isa = PBXFileReference; explicitFileType = wrapper.application; includeInIndex = 0; path = OOChatIOS.app; sourceTree = BUILT_PRODUCTS_DIR; };
		100000000000000000000013 /* MockHostedAgentTests.swift */ = {isa = PBXFileReference; lastKnownFileType = sourcecode.swift; path = MockHostedAgentTests.swift; sourceTree = "<group>"; };
		100000000000000000000019 /* SwiftDataConversationRepositoryTests.swift */ = {isa = PBXFileReference; lastKnownFileType = sourcecode.swift; path = SwiftDataConversationRepositoryTests.swift; sourceTree = "<group>"; };
		100000000000000000000014 /* OOChatIOSTests.xctest */ = {isa = PBXFileReference; explicitFileType = wrapper.cfbundle; includeInIndex = 0; path = OOChatIOSTests.xctest; sourceTree = BUILT_PRODUCTS_DIR; };
/* End PBXFileReference section */

/* Begin PBXFrameworksBuildPhase section */
		100000000000000000000201 /* Frameworks */ = {
			isa = PBXFrameworksBuildPhase;
			buildActionMask = 2147483647;
			files = (
			);
			runOnlyForDeploymentPostprocessing = 0;
		};
		100000000000000000000204 /* Frameworks */ = {
			isa = PBXFrameworksBuildPhase;
			buildActionMask = 2147483647;
			files = (
			);
			runOnlyForDeploymentPostprocessing = 0;
		};
/* End PBXFrameworksBuildPhase section */

/* Begin PBXGroup section */
		100000000000000000000301 = {
			isa = PBXGroup;
			children = (
				100000000000000000000303 /* OOChatIOS */,
				100000000000000000000314 /* OOChatIOSTests */,
				100000000000000000000011 /* README.md */,
				100000000000000000000302 /* Products */,
			);
			sourceTree = "<group>";
		};
		100000000000000000000302 /* Products */ = {
			isa = PBXGroup;
			children = (
				100000000000000000000012 /* OOChatIOS.app */,
				100000000000000000000014 /* OOChatIOSTests.xctest */,
			);
			name = Products;
			sourceTree = "<group>";
		};
		100000000000000000000303 /* OOChatIOS */ = {
			isa = PBXGroup;
			children = (
				100000000000000000000304 /* App */,
				100000000000000000000305 /* Features */,
				100000000000000000000306 /* Core */,
				100000000000000000000307 /* Resources */,
			);
			path = OOChatIOS;
			sourceTree = "<group>";
		};
		100000000000000000000304 /* App */ = {
			isa = PBXGroup;
			children = (
				100000000000000000000001 /* OOChatIOSApp.swift */,
				100000000000000000000002 /* ContentView.swift */,
			);
			path = App;
			sourceTree = "<group>";
		};
		100000000000000000000305 /* Features */ = {
			isa = PBXGroup;
			children = (
				100000000000000000000308 /* Chat */,
			);
			path = Features;
			sourceTree = "<group>";
		};
		100000000000000000000306 /* Core */ = {
			isa = PBXGroup;
			children = (
				100000000000000000000309 /* Protocol */,
				100000000000000000000310 /* Identity */,
				100000000000000000000311 /* Persistence */,
				100000000000000000000312 /* Models */,
				100000000000000000000313 /* Utilities */,
			);
			path = Core;
			sourceTree = "<group>";
		};
		100000000000000000000307 /* Resources */ = {
			isa = PBXGroup;
			children = (
				100000000000000000000010 /* Info.plist */,
			);
			path = Resources;
			sourceTree = "<group>";
		};
		100000000000000000000308 /* Chat */ = {
			isa = PBXGroup;
			children = (
				100000000000000000000003 /* ChatViewModel.swift */,
			);
			path = Chat;
			sourceTree = "<group>";
		};
		100000000000000000000309 /* Protocol */ = {
			isa = PBXGroup;
			children = (
				100000000000000000000009 /* HostedAgentClient.swift */,
				100000000000000000000005 /* CanonicalJSON.swift */,
			);
			path = Protocol;
			sourceTree = "<group>";
		};
		100000000000000000000310 /* Identity */ = {
			isa = PBXGroup;
			children = (
				100000000000000000000007 /* IdentityStore.swift */,
			);
			path = Identity;
			sourceTree = "<group>";
		};
		100000000000000000000311 /* Persistence */ = {
			isa = PBXGroup;
			children = (
				100000000000000000000015 /* ConversationRepository.swift */,
				100000000000000000000017 /* StoredModels.swift */,
				100000000000000000000018 /* SwiftDataConversationRepository.swift */,
				100000000000000000000020 /* ConversationRepositoryFactory.swift */,
			);
			path = Persistence;
			sourceTree = "<group>";
		};
		100000000000000000000312 /* Models */ = {
			isa = PBXGroup;
			children = (
				100000000000000000000004 /* Models.swift */,
			);
			path = Models;
			sourceTree = "<group>";
		};
		100000000000000000000313 /* Utilities */ = {
			isa = PBXGroup;
			children = (
				100000000000000000000006 /* Hex.swift */,
			);
			path = Utilities;
			sourceTree = "<group>";
		};
		100000000000000000000314 /* OOChatIOSTests */ = {
			isa = PBXGroup;
			children = (
				100000000000000000000013 /* MockHostedAgentTests.swift */,
				100000000000000000000019 /* SwiftDataConversationRepositoryTests.swift */,
			);
			path = OOChatIOSTests;
			sourceTree = "<group>";
		};
/* End PBXGroup section */

/* Begin PBXNativeTarget section */
		100000000000000000000401 /* OOChatIOS */ = {
			isa = PBXNativeTarget;
			buildConfigurationList = 100000000000000000000701 /* Build configuration list for PBXNativeTarget "OOChatIOS" */;
			buildPhases = (
				100000000000000000000202 /* Sources */,
				100000000000000000000201 /* Frameworks */,
				100000000000000000000203 /* Resources */,
			);
			buildRules = (
			);
			dependencies = (
			);
			name = OOChatIOS;
			productName = OOChatIOS;
			productReference = 100000000000000000000012 /* OOChatIOS.app */;
			productType = "com.apple.product-type.application";
		};
		100000000000000000000402 /* OOChatIOSTests */ = {
			isa = PBXNativeTarget;
			buildConfigurationList = 100000000000000000000703 /* Build configuration list for PBXNativeTarget "OOChatIOSTests" */;
			buildPhases = (
				100000000000000000000206 /* Sources */,
				100000000000000000000204 /* Frameworks */,
				100000000000000000000205 /* Resources */,
			);
			buildRules = (
			);
			dependencies = (
				100000000000000000000901 /* PBXTargetDependency */,
			);
			name = OOChatIOSTests;
			productName = OOChatIOSTests;
			productReference = 100000000000000000000014 /* OOChatIOSTests.xctest */;
			productType = "com.apple.product-type.bundle.unit-test";
		};
/* End PBXNativeTarget section */

/* Begin PBXProject section */
		100000000000000000000501 /* Project object */ = {
			isa = PBXProject;
			attributes = {
				BuildIndependentTargetsInParallel = 1;
				LastSwiftUpdateCheck = 2600;
				LastUpgradeCheck = 2600;
				TargetAttributes = {
					100000000000000000000401 = {
						CreatedOnToolsVersion = 26.0;
					};
					100000000000000000000402 = {
						CreatedOnToolsVersion = 26.0;
						TestTargetID = 100000000000000000000401;
					};
				};
			};
			buildConfigurationList = 100000000000000000000702 /* Build configuration list for PBXProject "OOChatIOS" */;
			compatibilityVersion = "Xcode 14.0";
			developmentRegion = en;
			hasScannedForEncodings = 0;
			knownRegions = (
				en,
				Base,
			);
			mainGroup = 100000000000000000000301;
			productRefGroup = 100000000000000000000302 /* Products */;
			projectDirPath = "";
			projectRoot = "";
			targets = (
				100000000000000000000401 /* OOChatIOS */,
				100000000000000000000402 /* OOChatIOSTests */,
			);
		};
/* End PBXProject section */

/* Begin PBXResourcesBuildPhase section */
		100000000000000000000203 /* Resources */ = {
			isa = PBXResourcesBuildPhase;
			buildActionMask = 2147483647;
			files = (
			);
			runOnlyForDeploymentPostprocessing = 0;
		};
		100000000000000000000205 /* Resources */ = {
			isa = PBXResourcesBuildPhase;
			buildActionMask = 2147483647;
			files = (
			);
			runOnlyForDeploymentPostprocessing = 0;
		};
/* End PBXResourcesBuildPhase section */

/* Begin PBXSourcesBuildPhase section */
		100000000000000000000202 /* Sources */ = {
			isa = PBXSourcesBuildPhase;
			buildActionMask = 2147483647;
			files = (
				100000000000000000000101 /* OOChatIOSApp.swift in Sources */,
				100000000000000000000102 /* ContentView.swift in Sources */,
				100000000000000000000103 /* ChatViewModel.swift in Sources */,
				100000000000000000000104 /* Models.swift in Sources */,
				100000000000000000000105 /* CanonicalJSON.swift in Sources */,
				100000000000000000000106 /* Hex.swift in Sources */,
				100000000000000000000107 /* IdentityStore.swift in Sources */,
				100000000000000000000111 /* ConversationRepository.swift in Sources */,
				100000000000000000000113 /* StoredModels.swift in Sources */,
				100000000000000000000114 /* SwiftDataConversationRepository.swift in Sources */,
				100000000000000000000116 /* ConversationRepositoryFactory.swift in Sources */,
				100000000000000000000109 /* HostedAgentClient.swift in Sources */,
			);
			runOnlyForDeploymentPostprocessing = 0;
		};
		100000000000000000000206 /* Sources */ = {
			isa = PBXSourcesBuildPhase;
			buildActionMask = 2147483647;
			files = (
				100000000000000000000110 /* MockHostedAgentTests.swift in Sources */,
				100000000000000000000115 /* SwiftDataConversationRepositoryTests.swift in Sources */,
			);
			runOnlyForDeploymentPostprocessing = 0;
		};
/* End PBXSourcesBuildPhase section */

/* Begin PBXTargetDependency section */
		100000000000000000000901 /* PBXTargetDependency */ = {
			isa = PBXTargetDependency;
			target = 100000000000000000000401 /* OOChatIOS */;
			targetProxy = 100000000000000000000801 /* PBXContainerItemProxy */;
		};
/* End PBXTargetDependency section */

/* Begin XCBuildConfiguration section */
		100000000000000000000601 /* Debug */ = {
			isa = XCBuildConfiguration;
			buildSettings = {
				ALWAYS_SEARCH_USER_PATHS = NO;
				CLANG_ANALYZER_NONNULL = YES;
				CLANG_ANALYZER_NUMBER_OBJECT_CONVERSION = YES_AGGRESSIVE;
				CLANG_CXX_LANGUAGE_STANDARD = "gnu++20";
				CLANG_ENABLE_MODULES = YES;
				CLANG_ENABLE_OBJC_ARC = YES;
				CLANG_ENABLE_OBJC_WEAK = YES;
				CLANG_WARN_BLOCK_CAPTURE_AUTORELEASING = YES;
				CLANG_WARN_BOOL_CONVERSION = YES;
				CLANG_WARN_COMMA = YES;
				CLANG_WARN_CONSTANT_CONVERSION = YES;
				CLANG_WARN_DEPRECATED_OBJC_IMPLEMENTATIONS = YES;
				CLANG_WARN_DIRECT_OBJC_ISA_USAGE = YES_ERROR;
				CLANG_WARN_DOCUMENTATION_COMMENTS = YES;
				CLANG_WARN_EMPTY_BODY = YES;
				CLANG_WARN_ENUM_CONVERSION = YES;
				CLANG_WARN_INFINITE_RECURSION = YES;
				CLANG_WARN_INT_CONVERSION = YES;
				CLANG_WARN_NON_LITERAL_NULL_CONVERSION = YES;
				CLANG_WARN_OBJC_IMPLICIT_RETAIN_SELF = YES;
				CLANG_WARN_OBJC_LITERAL_CONVERSION = YES;
				CLANG_WARN_OBJC_ROOT_CLASS = YES_ERROR;
				CLANG_WARN_QUOTED_INCLUDE_IN_FRAMEWORK_HEADER = YES;
				CLANG_WARN_RANGE_LOOP_ANALYSIS = YES;
				CLANG_WARN_STRICT_PROTOTYPES = YES;
				CLANG_WARN_SUSPICIOUS_MOVE = YES;
				CLANG_WARN_UNGUARDED_AVAILABILITY = YES_AGGRESSIVE;
				CLANG_WARN_UNREACHABLE_CODE = YES;
				CLANG_WARN__DUPLICATE_METHOD_MATCH = YES;
				COPY_PHASE_STRIP = NO;
				DEBUG_INFORMATION_FORMAT = dwarf;
				ENABLE_STRICT_OBJC_MSGSEND = YES;
				ENABLE_TESTABILITY = YES;
				GCC_C_LANGUAGE_STANDARD = gnu17;
				GCC_DYNAMIC_NO_PIC = NO;
				GCC_NO_COMMON_BLOCKS = YES;
				GCC_OPTIMIZATION_LEVEL = 0;
				GCC_PREPROCESSOR_DEFINITIONS = (
					"DEBUG=1",
					"$(inherited)",
				);
				GCC_WARN_64_TO_32_BIT_CONVERSION = YES;
				GCC_WARN_ABOUT_RETURN_TYPE = YES_ERROR;
				GCC_WARN_UNDECLARED_SELECTOR = YES;
				GCC_WARN_UNINITIALIZED_AUTOS = YES_AGGRESSIVE;
				GCC_WARN_UNUSED_FUNCTION = YES;
				GCC_WARN_UNUSED_VARIABLE = YES;
				IPHONEOS_DEPLOYMENT_TARGET = 17.0;
				MTL_ENABLE_DEBUG_INFO = INCLUDE_SOURCE;
				MTL_FAST_MATH = YES;
				ONLY_ACTIVE_ARCH = YES;
				SDKROOT = iphoneos;
				SWIFT_ACTIVE_COMPILATION_CONDITIONS = DEBUG;
				SWIFT_OPTIMIZATION_LEVEL = "-Onone";
			};
			name = Debug;
		};
		100000000000000000000602 /* Release */ = {
			isa = XCBuildConfiguration;
			buildSettings = {
				ALWAYS_SEARCH_USER_PATHS = NO;
				CLANG_ANALYZER_NONNULL = YES;
				CLANG_ANALYZER_NUMBER_OBJECT_CONVERSION = YES_AGGRESSIVE;
				CLANG_CXX_LANGUAGE_STANDARD = "gnu++20";
				CLANG_ENABLE_MODULES = YES;
				CLANG_ENABLE_OBJC_ARC = YES;
				CLANG_ENABLE_OBJC_WEAK = YES;
				CLANG_WARN_BLOCK_CAPTURE_AUTORELEASING = YES;
				CLANG_WARN_BOOL_CONVERSION = YES;
				CLANG_WARN_COMMA = YES;
				CLANG_WARN_CONSTANT_CONVERSION = YES;
				CLANG_WARN_DEPRECATED_OBJC_IMPLEMENTATIONS = YES;
				CLANG_WARN_DIRECT_OBJC_ISA_USAGE = YES_ERROR;
				CLANG_WARN_DOCUMENTATION_COMMENTS = YES;
				CLANG_WARN_EMPTY_BODY = YES;
				CLANG_WARN_ENUM_CONVERSION = YES;
				CLANG_WARN_INFINITE_RECURSION = YES;
				CLANG_WARN_INT_CONVERSION = YES;
				CLANG_WARN_NON_LITERAL_NULL_CONVERSION = YES;
				CLANG_WARN_OBJC_IMPLICIT_RETAIN_SELF = YES;
				CLANG_WARN_OBJC_LITERAL_CONVERSION = YES;
				CLANG_WARN_OBJC_ROOT_CLASS = YES_ERROR;
				CLANG_WARN_QUOTED_INCLUDE_IN_FRAMEWORK_HEADER = YES;
				CLANG_WARN_RANGE_LOOP_ANALYSIS = YES;
				CLANG_WARN_STRICT_PROTOTYPES = YES;
				CLANG_WARN_SUSPICIOUS_MOVE = YES;
				CLANG_WARN_UNGUARDED_AVAILABILITY = YES_AGGRESSIVE;
				CLANG_WARN_UNREACHABLE_CODE = YES;
				CLANG_WARN__DUPLICATE_METHOD_MATCH = YES;
				COPY_PHASE_STRIP = NO;
				DEBUG_INFORMATION_FORMAT = "dwarf-with-dsym";
				ENABLE_NS_ASSERTIONS = NO;
				ENABLE_STRICT_OBJC_MSGSEND = YES;
				GCC_C_LANGUAGE_STANDARD = gnu17;
				GCC_NO_COMMON_BLOCKS = YES;
				GCC_WARN_64_TO_32_BIT_CONVERSION = YES;
				GCC_WARN_ABOUT_RETURN_TYPE = YES_ERROR;
				GCC_WARN_UNDECLARED_SELECTOR = YES;
				GCC_WARN_UNINITIALIZED_AUTOS = YES_AGGRESSIVE;
				GCC_WARN_UNUSED_FUNCTION = YES;
				GCC_WARN_UNUSED_VARIABLE = YES;
				IPHONEOS_DEPLOYMENT_TARGET = 17.0;
				MTL_ENABLE_DEBUG_INFO = NO;
				MTL_FAST_MATH = YES;
				SDKROOT = iphoneos;
				SWIFT_COMPILATION_MODE = wholemodule;
				VALIDATE_PRODUCT = YES;
			};
			name = Release;
		};
		100000000000000000000603 /* Debug */ = {
			isa = XCBuildConfiguration;
			buildSettings = {
				ASSETCATALOG_COMPILER_GLOBAL_ACCENT_COLOR_NAME = AccentColor;
				CODE_SIGN_STYLE = Automatic;
				CURRENT_PROJECT_VERSION = 1;
				DEVELOPMENT_ASSET_PATHS = "";
				DEVELOPMENT_TEAM = "";
				ENABLE_PREVIEWS = YES;
				GENERATE_INFOPLIST_FILE = NO;
				INFOPLIST_FILE = OOChatIOS/Resources/Info.plist;
				LD_RUNPATH_SEARCH_PATHS = (
					"$(inherited)",
					"@executable_path/Frameworks",
				);
				MARKETING_VERSION = 1.0;
				PRODUCT_BUNDLE_IDENTIFIER = com.connectonion.oochatios;
				PRODUCT_NAME = "$(TARGET_NAME)";
				SUPPORTED_PLATFORMS = "iphoneos iphonesimulator";
				SUPPORTS_MACCATALYST = NO;
				SWIFT_EMIT_LOC_STRINGS = YES;
				SWIFT_VERSION = 5.0;
				TARGETED_DEVICE_FAMILY = "1,2";
			};
			name = Debug;
		};
		100000000000000000000604 /* Release */ = {
			isa = XCBuildConfiguration;
			buildSettings = {
				ASSETCATALOG_COMPILER_GLOBAL_ACCENT_COLOR_NAME = AccentColor;
				CODE_SIGN_STYLE = Automatic;
				CURRENT_PROJECT_VERSION = 1;
				DEVELOPMENT_ASSET_PATHS = "";
				DEVELOPMENT_TEAM = "";
				ENABLE_PREVIEWS = YES;
				GENERATE_INFOPLIST_FILE = NO;
				INFOPLIST_FILE = OOChatIOS/Resources/Info.plist;
				LD_RUNPATH_SEARCH_PATHS = (
					"$(inherited)",
					"@executable_path/Frameworks",
				);
				MARKETING_VERSION = 1.0;
				PRODUCT_BUNDLE_IDENTIFIER = com.connectonion.oochatios;
				PRODUCT_NAME = "$(TARGET_NAME)";
				SUPPORTED_PLATFORMS = "iphoneos iphonesimulator";
				SUPPORTS_MACCATALYST = NO;
				SWIFT_EMIT_LOC_STRINGS = YES;
				SWIFT_VERSION = 5.0;
				TARGETED_DEVICE_FAMILY = "1,2";
			};
			name = Release;
		};
		100000000000000000000605 /* Debug */ = {
			isa = XCBuildConfiguration;
			buildSettings = {
				BUNDLE_LOADER = "$(TEST_HOST)";
				CODE_SIGN_STYLE = Automatic;
				CURRENT_PROJECT_VERSION = 1;
				GENERATE_INFOPLIST_FILE = YES;
				IPHONEOS_DEPLOYMENT_TARGET = 17.0;
				LD_RUNPATH_SEARCH_PATHS = (
					"$(inherited)",
					"@executable_path/Frameworks",
					"@loader_path/Frameworks",
				);
				MARKETING_VERSION = 1.0;
				PRODUCT_BUNDLE_IDENTIFIER = com.connectonion.oochatios.tests;
				PRODUCT_NAME = "$(TARGET_NAME)";
				SUPPORTED_PLATFORMS = "iphoneos iphonesimulator";
				SWIFT_VERSION = 5.0;
				TARGETED_DEVICE_FAMILY = "1,2";
				TEST_HOST = "$(BUILT_PRODUCTS_DIR)/OOChatIOS.app/$(BUNDLE_EXECUTABLE_FOLDER_PATH)/OOChatIOS";
			};
			name = Debug;
		};
		100000000000000000000606 /* Release */ = {
			isa = XCBuildConfiguration;
			buildSettings = {
				BUNDLE_LOADER = "$(TEST_HOST)";
				CODE_SIGN_STYLE = Automatic;
				CURRENT_PROJECT_VERSION = 1;
				GENERATE_INFOPLIST_FILE = YES;
				IPHONEOS_DEPLOYMENT_TARGET = 17.0;
				LD_RUNPATH_SEARCH_PATHS = (
					"$(inherited)",
					"@executable_path/Frameworks",
					"@loader_path/Frameworks",
				);
				MARKETING_VERSION = 1.0;
				PRODUCT_BUNDLE_IDENTIFIER = com.connectonion.oochatios.tests;
				PRODUCT_NAME = "$(TARGET_NAME)";
				SUPPORTED_PLATFORMS = "iphoneos iphonesimulator";
				SWIFT_VERSION = 5.0;
				TARGETED_DEVICE_FAMILY = "1,2";
				TEST_HOST = "$(BUILT_PRODUCTS_DIR)/OOChatIOS.app/$(BUNDLE_EXECUTABLE_FOLDER_PATH)/OOChatIOS";
			};
			name = Release;
		};
/* End XCBuildConfiguration section */

/* Begin XCConfigurationList section */
		100000000000000000000701 /* Build configuration list for PBXNativeTarget "OOChatIOS" */ = {
			isa = XCConfigurationList;
			buildConfigurations = (
				100000000000000000000603 /* Debug */,
				100000000000000000000604 /* Release */,
			);
			defaultConfigurationIsVisible = 0;
			defaultConfigurationName = Release;
		};
		100000000000000000000702 /* Build configuration list for PBXProject "OOChatIOS" */ = {
			isa = XCConfigurationList;
			buildConfigurations = (
				100000000000000000000601 /* Debug */,
				100000000000000000000602 /* Release */,
			);
			defaultConfigurationIsVisible = 0;
			defaultConfigurationName = Release;
		};
		100000000000000000000703 /* Build configuration list for PBXNativeTarget "OOChatIOSTests" */ = {
			isa = XCConfigurationList;
			buildConfigurations = (
				100000000000000000000605 /* Debug */,
				100000000000000000000606 /* Release */,
			);
			defaultConfigurationIsVisible = 0;
			defaultConfigurationName = Release;
		};
/* End XCConfigurationList section */
	};
	rootObject = 100000000000000000000501 /* Project object */;
}
